
Microsoft Visual Studio Solution File, Format Version 12.00
Project("{FAE04EC0-301F-11D3-BF4B-00C04F79EFBC}") = "Chapter03", "Chapter03\Chapter03.csproj", "{47817CCC-96D9-47DD-88EA-9ADC9CA924B8}"
EndProject
Global
	GlobalSection(SolutionConfigurationPlatforms) = preSolution
		Debug|Any CPU = Debug|Any CPU
		Release|Any CPU = Release|Any CPU
	EndGlobalSection
	GlobalSection(ProjectConfigurationPlatforms) = postSolution
		{47817CCC-96D9-47DD-88EA-9ADC9CA924B8}.Debug|Any CPU.ActiveCfg = Debug|Any CPU
		{47817CCC-96D9-47DD-88EA-9ADC9CA924B8}.Debug|Any CPU.Build.0 = Debug|Any CPU
		{47817CCC-96D9-47DD-88EA-9ADC9CA924B8}.Release|Any CPU.ActiveCfg = Release|Any CPU
		{47817CCC-96D9-47DD-88EA-9ADC9CA924B8}.Release|Any CPU.Build.0 = Release|Any CPU
	EndGlobalSection
EndGlobal
